
Microsoft Visual Studio Solution File, Format Version 12.00
Project("{9A19103F-16F7-4668-BE54-9A1E7A4F7556}") = "stuff", "stuff\stuff.csproj", "{8688CE79-714B-4EC7-BF38-F00B848C8787}"
EndProject
Global
	GlobalSection(SolutionConfigurationPlatforms) = preSolution
		Debug|Any CPU = Debug|Any CPU
		Release|Any CPU = Release|Any CPU
	EndGlobalSection
	GlobalSection(ProjectConfigurationPlatforms) = postSolution
		{8688CE79-714B-4EC7-BF38-F00B848C8787}.Debug|Any CPU.ActiveCfg = Debug|Any CPU
		{8688CE79-714B-4EC7-BF38-F00B848C8787}.Debug|Any CPU.Build.0 = Debug|Any CPU
		{8688CE79-714B-4EC7-BF38-F00B848C8787}.Release|Any CPU.ActiveCfg = Release|Any CPU
		{8688CE79-714B-4EC7-BF38-F00B848C8787}.Release|Any CPU.Build.0 = Release|Any CPU
	EndGlobalSection
EndGlobal
